
Microsoft Visual Studio Solution File, Format Version 12.00
# Visual Studio Version 16
VisualStudioVersion = 16.0.29911.84
MinimumVisualStudioVersion = 10.0.40219.1
Project("{FAE04EC0-301F-11D3-BF4B-00C04F79EFBC}") = "Test", "Test\Test.csproj", "{EEB895C0-6E7A-4115-BFB8-C89CE2AD6219}"
EndProject
Project("{FAE04EC0-301F-11D3-BF4B-00C04F79EFBC}") = "ClassLibrary1", "Test2\ClassLibrary1\ClassLibrary1.csproj", "{8164B3B9-4581-4282-8CAB-F4332297017E}"
EndProject
Global
	GlobalSection(SolutionConfigurationPlatforms) = preSolution
		Debug|Any CPU = Debug|Any CPU
		Release|Any CPU = Release|Any CPU
	EndGlobalSection
	GlobalSection(ProjectConfigurationPlatforms) = postSolution
		{EEB895C0-6E7A-4115-BFB8-C89CE2AD6219}.Debug|Any CPU.ActiveCfg = Debug|Any CPU
		{EEB895C0-6E7A-4115-BFB8-C89CE2AD6219}.Debug|Any CPU.Build.0 = Debug|Any CPU
		{EEB895C0-6E7A-4115-BFB8-C89CE2AD6219}.Release|Any CPU.ActiveCfg = Release|Any CPU
		{EEB895C0-6E7A-4115-BFB8-C89CE2AD6219}.Release|Any CPU.Build.0 = Release|Any CPU
		{8164B3B9-4581-4282-8CAB-F4332297017E}.Debug|Any CPU.ActiveCfg = Debug|Any CPU
		{8164B3B9-4581-4282-8CAB-F4332297017E}.Debug|Any CPU.Build.0 = Debug|Any CPU
		{8164B3B9-4581-4282-8CAB-F4332297017E}.Release|Any CPU.ActiveCfg = Release|Any CPU
		{8164B3B9-4581-4282-8CAB-F4332297017E}.Release|Any CPU.Build.0 = Release|Any CPU
	EndGlobalSection
	GlobalSection(SolutionProperties) = preSolution
		HideSolutionNode = FALSE
	EndGlobalSection
	GlobalSection(ExtensibilityGlobals) = postSolution
		SolutionGuid = {A2D0FA34-2DE8-405A-A61C-EA0C6D1011D4}
	EndGlobalSection
EndGlobal
